
Microsoft Visual Studio Solution File, Format Version 12.00
# Visual Studio Version 17
VisualStudioVersion = 17.7.34202.233
MinimumVisualStudioVersion = 10.0.40219.1
Project("{FAE04EC0-301F-11D3-BF4B-00C04F79EFBC}") = "LABA4", "LABA4\LABA4.csproj", "{4BE38744-F039-4760-B938-EC0A5D5849E2}"
EndProject
Global
	GlobalSection(SolutionConfigurationPlatforms) = preSolution
		Debug|Any CPU = Debug|Any CPU
		Release|Any CPU = Release|Any CPU
	EndGlobalSection
	GlobalSection(ProjectConfigurationPlatforms) = postSolution
		{4BE38744-F039-4760-B938-EC0A5D5849E2}.Debug|Any CPU.ActiveCfg = Debug|Any CPU
		{4BE38744-F039-4760-B938-EC0A5D5849E2}.Debug|Any CPU.Build.0 = Debug|Any CPU
		{4BE38744-F039-4760-B938-EC0A5D5849E2}.Release|Any CPU.ActiveCfg = Release|Any CPU
		{4BE38744-F039-4760-B938-EC0A5D5849E2}.Release|Any CPU.Build.0 = Release|Any CPU
	EndGlobalSection
	GlobalSection(SolutionProperties) = preSolution
		HideSolutionNode = FALSE
	EndGlobalSection
	GlobalSection(ExtensibilityGlobals) = postSolution
		SolutionGuid = {F04C2D00-D72C-4E5B-AEC4-45CD778099C8}
	EndGlobalSection
EndGlobal
